
Microsoft Visual Studio Solution File, Format Version 12.00
# Visual Studio Version 17
VisualStudioVersion = 17.5.002.0
MinimumVisualStudioVersion = 10.0.40219.1
Project("{9A19103F-16F7-4668-BE54-9A1E7A4F7556}") = "GestaoEscolar.Web.Api.App", "GestaoEscolar.Web.Api.App\GestaoEscolar.Web.Api.App.csproj", "{669B6232-5246-4071-BB89-6EAFCF6132A4}"
EndProject
Project("{9A19103F-16F7-4668-BE54-9A1E7A4F7556}") = "GestaoEscolar.Web.Api.Model", "GestaoEscolar.Web.Api.Model\GestaoEscolar.Web.Api.Model.csproj", "{AF0C9E98-B604-49D5-A900-EFBE04439BF7}"
EndProject
Project("{9A19103F-16F7-4668-BE54-9A1E7A4F7556}") = "GestaoEscolar.Web.Api.Repository", "GestaoEscolar.Web.Api.Repository\GestaoEscolar.Web.Api.Repository.csproj", "{1B5F9C4C-97BE-40A7-B0B0-A4992CDEBF65}"
EndProject
Project("{9A19103F-16F7-4668-BE54-9A1E7A4F7556}") = "GestaoEscolar.Web.Api.Services", "GestaoEscolar.Web.Api.Services\GestaoEscolar.Web.Api.Services.csproj", "{22468DB4-2630-4269-B4BC-665E30C6CDDA}"
EndProject
Global
	GlobalSection(SolutionConfigurationPlatforms) = preSolution
		Debug|Any CPU = Debug|Any CPU
		Release|Any CPU = Release|Any CPU
	EndGlobalSection
	GlobalSection(ProjectConfigurationPlatforms) = postSolution
		{669B6232-5246-4071-BB89-6EAFCF6132A4}.Debug|Any CPU.ActiveCfg = Debug|Any CPU
		{669B6232-5246-4071-BB89-6EAFCF6132A4}.Debug|Any CPU.Build.0 = Debug|Any CPU
		{669B6232-5246-4071-BB89-6EAFCF6132A4}.Release|Any CPU.ActiveCfg = Release|Any CPU
		{669B6232-5246-4071-BB89-6EAFCF6132A4}.Release|Any CPU.Build.0 = Release|Any CPU
		{AF0C9E98-B604-49D5-A900-EFBE04439BF7}.Debug|Any CPU.ActiveCfg = Debug|Any CPU
		{AF0C9E98-B604-49D5-A900-EFBE04439BF7}.Debug|Any CPU.Build.0 = Debug|Any CPU
		{AF0C9E98-B604-49D5-A900-EFBE04439BF7}.Release|Any CPU.ActiveCfg = Release|Any CPU
		{AF0C9E98-B604-49D5-A900-EFBE04439BF7}.Release|Any CPU.Build.0 = Release|Any CPU
		{1B5F9C4C-97BE-40A7-B0B0-A4992CDEBF65}.Debug|Any CPU.ActiveCfg = Debug|Any CPU
		{1B5F9C4C-97BE-40A7-B0B0-A4992CDEBF65}.Debug|Any CPU.Build.0 = Debug|Any CPU
		{1B5F9C4C-97BE-40A7-B0B0-A4992CDEBF65}.Release|Any CPU.ActiveCfg = Release|Any CPU
		{1B5F9C4C-97BE-40A7-B0B0-A4992CDEBF65}.Release|Any CPU.Build.0 = Release|Any CPU
		{22468DB4-2630-4269-B4BC-665E30C6CDDA}.Debug|Any CPU.ActiveCfg = Debug|Any CPU
		{22468DB4-2630-4269-B4BC-665E30C6CDDA}.Debug|Any CPU.Build.0 = Debug|Any CPU
		{22468DB4-2630-4269-B4BC-665E30C6CDDA}.Release|Any CPU.ActiveCfg = Release|Any CPU
		{22468DB4-2630-4269-B4BC-665E30C6CDDA}.Release|Any CPU.Build.0 = Release|Any CPU
	EndGlobalSection
	GlobalSection(SolutionProperties) = preSolution
		HideSolutionNode = FALSE
	EndGlobalSection
	GlobalSection(ExtensibilityGlobals) = postSolution
		SolutionGuid = {616EEE17-9873-47EE-9CCB-D1644F32F592}
	EndGlobalSection
EndGlobal
